
Microsoft Visual Studio Solution File, Format Version 12.00
# Visual Studio 15
VisualStudioVersion = 15.0.28010.2046
MinimumVisualStudioVersion = 10.0.40219.1
Project("{FAE04EC0-301F-11D3-BF4B-00C04F79EFBC}") = "Bank Database Management System", "Bank Database Management System\Bank Database Management System.csproj", "{C19851EB-9A4C-46C6-9672-2339C4431087}"
EndProject
Global
	GlobalSection(SolutionConfigurationPlatforms) = preSolution
		Debug|Any CPU = Debug|Any CPU
		Release|Any CPU = Release|Any CPU
	EndGlobalSection
	GlobalSection(ProjectConfigurationPlatforms) = postSolution
		{C19851EB-9A4C-46C6-9672-2339C4431087}.Debug|Any CPU.ActiveCfg = Debug|Any CPU
		{C19851EB-9A4C-46C6-9672-2339C4431087}.Debug|Any CPU.Build.0 = Debug|Any CPU
		{C19851EB-9A4C-46C6-9672-2339C4431087}.Release|Any CPU.ActiveCfg = Release|Any CPU
		{C19851EB-9A4C-46C6-9672-2339C4431087}.Release|Any CPU.Build.0 = Release|Any CPU
	EndGlobalSection
	GlobalSection(SolutionProperties) = preSolution
		HideSolutionNode = FALSE
	EndGlobalSection
	GlobalSection(ExtensibilityGlobals) = postSolution
		SolutionGuid = {A6C10682-23B3-4008-ADB5-8DE7B00A5BB4}
	EndGlobalSection
EndGlobal
